
Microsoft Visual Studio Solution File, Format Version 12.00
# Visual Studio Version 17
VisualStudioVersion = 17.11.35312.102
MinimumVisualStudioVersion = 10.0.40219.1
Project("{FAE04EC0-301F-11D3-BF4B-00C04F79EFBC}") = "Library Management System", "Library Management System\Library Management System.csproj", "{A7FEF63C-5536-426E-BFF9-8D10B9D905AB}"
EndProject
Global
	GlobalSection(SolutionConfigurationPlatforms) = preSolution
		Debug|Any CPU = Debug|Any CPU
		Release|Any CPU = Release|Any CPU
	EndGlobalSection
	GlobalSection(ProjectConfigurationPlatforms) = postSolution
		{A7FEF63C-5536-426E-BFF9-8D10B9D905AB}.Debug|Any CPU.ActiveCfg = Debug|Any CPU
		{A7FEF63C-5536-426E-BFF9-8D10B9D905AB}.Debug|Any CPU.Build.0 = Debug|Any CPU
		{A7FEF63C-5536-426E-BFF9-8D10B9D905AB}.Release|Any CPU.ActiveCfg = Release|Any CPU
		{A7FEF63C-5536-426E-BFF9-8D10B9D905AB}.Release|Any CPU.Build.0 = Release|Any CPU
	EndGlobalSection
	GlobalSection(SolutionProperties) = preSolution
		HideSolutionNode = FALSE
	EndGlobalSection
	GlobalSection(ExtensibilityGlobals) = postSolution
		SolutionGuid = {DD598D45-45C2-467A-B54F-CABF4E7B5CCA}
	EndGlobalSection
EndGlobal
